// !$*UTF8*$!
{
	archiveVersion = 1;
	classes = {
	};
	objectVersion = 77;
	objects = {

/* Begin PBXBuildFile section */
		022AB73233DBC9920794BA73 /* ProfileView.swift in Sources */ = {isa = PBXBuildFile; fileRef = 4242E3B338DF90A97962CD3E /* ProfileView.swift */; };
		10321CDEA89B600E36C0F586 /* FeedView.swift in Sources */ = {isa = PBXBuildFile; fileRef = 55AD33157253D8E894A30083 /* FeedView.swift */; };
		21B6FBD0DD11F196C5515CD3 /* TrekRankApp.swift in Sources */ = {isa = PBXBuildFile; fileRef = 47D4060192765C47C6FB0DC7 /* TrekRankApp.swift */; };
		243EAF325D019C269A144024 /* MapView.swift in Sources */ = {isa = PBXBuildFile; fileRef = 592298E2047FD839C4E3F3CC /* MapView.swift */; };
		3A7554456BD1B0DC01C55555 /* AuthView.swift in Sources */ = {isa = PBXBuildFile; fileRef = F6B83B1874A546D3E84EE5DE /* AuthView.swift */; };
		50ED35AC4E29E30A272F0F23 /* AddTripView.swift in Sources */ = {isa = PBXBuildFile; fileRef = 3CFDB0D932E8B399986E8527 /* AddTripView.swift */; };
		73C96FDCC94A0500331161A1 /* Config.swift in Sources */ = {isa = PBXBuildFile; fileRef = 1CB13AD06C436DEE4B1DF57E /* Config.swift */; };
		9E0998015E23CC029EBF2E0C /* TripsView.swift in Sources */ = {isa = PBXBuildFile; fileRef = 74BBC7279CB3FE53D07CFB3B /* TripsView.swift */; };
		BC562563673C809235416A48 /* SessionStore.swift in Sources */ = {isa = PBXBuildFile; fileRef = 4A9EC9A876EE2526C12C7E08 /* SessionStore.swift */; };
		D5BDCC888938689209D18098 /* APIClient.swift in Sources */ = {isa = PBXBuildFile; fileRef = EC5CDBD64D490B8B5840B1CE /* APIClient.swift */; };
		D923DD5A3340E514B1D3F08A /* LeaderboardView.swift in Sources */ = {isa = PBXBuildFile; fileRef = 541083F8011F2D6616D570A7 /* LeaderboardView.swift */; };
		E610C4BA2326F559EF81BBA6 /* Models.swift in Sources */ = {isa = PBXBuildFile; fileRef = 91CF4344515F44D7B6A62BC5 /* Models.swift */; };
		F89CD4BBA6025654B0FDF1B6 /* RootView.swift in Sources */ = {isa = PBXBuildFile; fileRef = 6FACB7A73F9DA57C612CBB05 /* RootView.swift */; };
/* End PBXBuildFile section */

/* Begin PBXFileReference section */
		049CA414210FAAB33668AE1A /* Info.plist */ = {isa = PBXFileReference; lastKnownFileType = text.plist; path = Info.plist; sourceTree = "<group>"; };
		1CB13AD06C436DEE4B1DF57E /* Config.swift */ = {isa = PBXFileReference; lastKnownFileType = sourcecode.swift; path = Config.swift; sourceTree = "<group>"; };
		3CFDB0D932E8B399986E8527 /* AddTripView.swift */ = {isa = PBXFileReference; lastKnownFileType = sourcecode.swift; path = AddTripView.swift; sourceTree = "<group>"; };
		4242E3B338DF90A97962CD3E /* ProfileView.swift */ = {isa = PBXFileReference; lastKnownFileType = sourcecode.swift; path = ProfileView.swift; sourceTree = "<group>"; };
		47D4060192765C47C6FB0DC7 /* TrekRankApp.swift */ = {isa = PBXFileReference; lastKnownFileType = sourcecode.swift; path = TrekRankApp.swift; sourceTree = "<group>"; };
		4A9EC9A876EE2526C12C7E08 /* SessionStore.swift */ = {isa = PBXFileReference; lastKnownFileType = sourcecode.swift; path = SessionStore.swift; sourceTree = "<group>"; };
		541083F8011F2D6616D570A7 /* LeaderboardView.swift */ = {isa = PBXFileReference; lastKnownFileType = sourcecode.swift; path = LeaderboardView.swift; sourceTree = "<group>"; };
		55AD33157253D8E894A30083 /* FeedView.swift */ = {isa = PBXFileReference; lastKnownFileType = sourcecode.swift; path = FeedView.swift; sourceTree = "<group>"; };
		592298E2047FD839C4E3F3CC /* MapView.swift */ = {isa = PBXFileReference; lastKnownFileType = sourcecode.swift; path = MapView.swift; sourceTree = "<group>"; };
		6FACB7A73F9DA57C612CBB05 /* RootView.swift */ = {isa = PBXFileReference; lastKnownFileType = sourcecode.swift; path = RootView.swift; sourceTree = "<group>"; };
		74BBC7279CB3FE53D07CFB3B /* TripsView.swift */ = {isa = PBXFileReference; lastKnownFileType = sourcecode.swift; path = TripsView.swift; sourceTree = "<group>"; };
		91CF4344515F44D7B6A62BC5 /* Models.swift */ = {isa = PBXFileReference; lastKnownFileType = sourcecode.swift; path = Models.swift; sourceTree = "<group>"; };
		EC5CDBD64D490B8B5840B1CE /* APIClient.swift */ = {isa = PBXFileReference; lastKnownFileType = sourcecode.swift; path = APIClient.swift; sourceTree = "<group>"; };
		EF19F5AA6D79D6EDA6A52885 /* TrekRank.app */ = {isa = PBXFileReference; includeInIndex = 0; lastKnownFileType = wrapper.application; path = TrekRank.app; sourceTree = BUILT_PRODUCTS_DIR; };
		F6B83B1874A546D3E84EE5DE /* AuthView.swift */ = {isa = PBXFileReference; lastKnownFileType = sourcecode.swift; path = AuthView.swift; sourceTree = "<group>"; };
/* End PBXFileReference section */

/* Begin PBXGroup section */
		2A68D7F6D46881A243EE9C6A /* Store */ = {
			isa = PBXGroup;
			children = (
				4A9EC9A876EE2526C12C7E08 /* SessionStore.swift */,
			);
			path = Store;
			sourceTree = "<group>";
		};
		4FC2A3A72E5B9A8F6C173A3B /* Products */ = {
			isa = PBXGroup;
			children = (
				EF19F5AA6D79D6EDA6A52885 /* TrekRank.app */,
			);
			name = Products;
			sourceTree = "<group>";
		};
		4FEA76674B8DC32D2633B5EF /* TrekRank */ = {
			isa = PBXGroup;
			children = (
				1CB13AD06C436DEE4B1DF57E /* Config.swift */,
				049CA414210FAAB33668AE1A /* Info.plist */,
				47D4060192765C47C6FB0DC7 /* TrekRankApp.swift */,
				7C30692A55D1AEF30868EC75 /* Models */,
				A4E35DC8CA52E51F5A4AD1D5 /* Networking */,
				2A68D7F6D46881A243EE9C6A /* Store */,
				E4006851C52E85F92EE5EB85 /* Views */,
			);
			path = TrekRank;
			sourceTree = "<group>";
		};
		7C30692A55D1AEF30868EC75 /* Models */ = {
			isa = PBXGroup;
			children = (
				91CF4344515F44D7B6A62BC5 /* Models.swift */,
			);
			path = Models;
			sourceTree = "<group>";
		};
		819C340448E08B6040553CC0 = {
			isa = PBXGroup;
			children = (
				4FEA76674B8DC32D2633B5EF /* TrekRank */,
				4FC2A3A72E5B9A8F6C173A3B /* Products */,
			);
			sourceTree = "<group>";
		};
		A4E35DC8CA52E51F5A4AD1D5 /* Networking */ = {
			isa = PBXGroup;
			children = (
				EC5CDBD64D490B8B5840B1CE /* APIClient.swift */,
			);
			path = Networking;
			sourceTree = "<group>";
		};
		E4006851C52E85F92EE5EB85 /* Views */ = {
			isa = PBXGroup;
			children = (
				3CFDB0D932E8B399986E8527 /* AddTripView.swift */,
				F6B83B1874A546D3E84EE5DE /* AuthView.swift */,
				55AD33157253D8E894A30083 /* FeedView.swift */,
				541083F8011F2D6616D570A7 /* LeaderboardView.swift */,
				592298E2047FD839C4E3F3CC /* MapView.swift */,
				4242E3B338DF90A97962CD3E /* ProfileView.swift */,
				6FACB7A73F9DA57C612CBB05 /* RootView.swift */,
				74BBC7279CB3FE53D07CFB3B /* TripsView.swift */,
			);
			path = Views;
			sourceTree = "<group>";
		};
/* End PBXGroup section */

/* Begin PBXNativeTarget section */
		5DA4D220AE9E028C00F52D87 /* TrekRank */ = {
			isa = PBXNativeTarget;
			buildConfigurationList = B4E5D30912E74E32BCB1D414 /* Build configuration list for PBXNativeTarget "TrekRank" */;
			buildPhases = (
				DB13B39D6B77365DBB6296CE /* Sources */,
			);
			buildRules = (
			);
			dependencies = (
			);
			name = TrekRank;
			packageProductDependencies = (
			);
			productName = TrekRank;
			productReference = EF19F5AA6D79D6EDA6A52885 /* TrekRank.app */;
			productType = "com.apple.product-type.application";
		};
/* End PBXNativeTarget section */

/* Begin PBXProject section */
		5A25DBDF983857829E4AD109 /* Project object */ = {
			isa = PBXProject;
			attributes = {
				BuildIndependentTargetsInParallel = YES;
				LastUpgradeCheck = 1430;
				TargetAttributes = {
				};
			};
			buildConfigurationList = 0C051F487EE8B20CB1A451C5 /* Build configuration list for PBXProject "TrekRank" */;
			developmentRegion = en;
			hasScannedForEncodings = 0;
			knownRegions = (
				Base,
				en,
			);
			mainGroup = 819C340448E08B6040553CC0;
			minimizedProjectReferenceProxies = 1;
			preferredProjectObjectVersion = 77;
			productRefGroup = 4FC2A3A72E5B9A8F6C173A3B /* Products */;
			projectDirPath = "";
			projectRoot = "";
			targets = (
				5DA4D220AE9E028C00F52D87 /* TrekRank */,
			);
		};
/* End PBXProject section */

/* Begin PBXSourcesBuildPhase section */
		DB13B39D6B77365DBB6296CE /* Sources */ = {
			isa = PBXSourcesBuildPhase;
			buildActionMask = 2147483647;
			files = (
				D5BDCC888938689209D18098 /* APIClient.swift in Sources */,
				50ED35AC4E29E30A272F0F23 /* AddTripView.swift in Sources */,
				3A7554456BD1B0DC01C55555 /* AuthView.swift in Sources */,
				73C96FDCC94A0500331161A1 /* Config.swift in Sources */,
				10321CDEA89B600E36C0F586 /* FeedView.swift in Sources */,
				D923DD5A3340E514B1D3F08A /* LeaderboardView.swift in Sources */,
				243EAF325D019C269A144024 /* MapView.swift in Sources */,
				E610C4BA2326F559EF81BBA6 /* Models.swift in Sources */,
				022AB73233DBC9920794BA73 /* ProfileView.swift in Sources */,
				F89CD4BBA6025654B0FDF1B6 /* RootView.swift in Sources */,
				BC562563673C809235416A48 /* SessionStore.swift in Sources */,
				21B6FBD0DD11F196C5515CD3 /* TrekRankApp.swift in Sources */,
				9E0998015E23CC029EBF2E0C /* TripsView.swift in Sources */,
			);
			runOnlyForDeploymentPostprocessing = 0;
		};
/* End PBXSourcesBuildPhase section */

/* Begin XCBuildConfiguration section */
		2F3C172916B21D58F4F48EF3 /* Release */ = {
			isa = XCBuildConfiguration;
			buildSettings = {
				ALWAYS_SEARCH_USER_PATHS = NO;
				CLANG_ANALYZER_NONNULL = YES;
				CLANG_ANALYZER_NUMBER_OBJECT_CONVERSION = YES_AGGRESSIVE;
				CLANG_CXX_LANGUAGE_STANDARD = "gnu++14";
				CLANG_CXX_LIBRARY = "libc++";
				CLANG_ENABLE_MODULES = YES;
				CLANG_ENABLE_OBJC_ARC = YES;
				CLANG_ENABLE_OBJC_WEAK = YES;
				CLANG_WARN_BLOCK_CAPTURE_AUTORELEASING = YES;
				CLANG_WARN_BOOL_CONVERSION = YES;
				CLANG_WARN_COMMA = YES;
				CLANG_WARN_CONSTANT_CONVERSION = YES;
				CLANG_WARN_DEPRECATED_OBJC_IMPLEMENTATIONS = YES;
				CLANG_WARN_DIRECT_OBJC_ISA_USAGE = YES_ERROR;
				CLANG_WARN_DOCUMENTATION_COMMENTS = YES;
				CLANG_WARN_EMPTY_BODY = YES;
				CLANG_WARN_ENUM_CONVERSION = YES;
				CLANG_WARN_INFINITE_RECURSION = YES;
				CLANG_WARN_INT_CONVERSION = YES;
				CLANG_WARN_NON_LITERAL_NULL_CONVERSION = YES;
				CLANG_WARN_OBJC_IMPLICIT_RETAIN_SELF = YES;
				CLANG_WARN_OBJC_LITERAL_CONVERSION = YES;
				CLANG_WARN_OBJC_ROOT_CLASS = YES_ERROR;
				CLANG_WARN_QUOTED_INCLUDE_IN_FRAMEWORK_HEADER = YES;
				CLANG_WARN_RANGE_LOOP_ANALYSIS = YES;
				CLANG_WARN_STRICT_PROTOTYPES = YES;
				CLANG_WARN_SUSPICIOUS_MOVE = YES;
				CLANG_WARN_UNGUARDED_AVAILABILITY = YES_AGGRESSIVE;
				CLANG_WARN_UNREACHABLE_CODE = YES;
				CLANG_WARN__DUPLICATE_METHOD_MATCH = YES;
				COPY_PHASE_STRIP = NO;
				CURRENT_PROJECT_VERSION = 1;
				DEBUG_INFORMATION_FORMAT = "dwarf-with-dsym";
				ENABLE_NS_ASSERTIONS = NO;
				ENABLE_STRICT_OBJC_MSGSEND = YES;
				GCC_C_LANGUAGE_STANDARD = gnu11;
				GCC_NO_COMMON_BLOCKS = YES;
				GCC_WARN_64_TO_32_BIT_CONVERSION = YES;
				GCC_WARN_ABOUT_RETURN_TYPE = YES_ERROR;
				GCC_WARN_UNDECLARED_SELECTOR = YES;
				GCC_WARN_UNINITIALIZED_AUTOS = YES_AGGRESSIVE;
				GCC_WARN_UNUSED_FUNCTION = YES;
				GCC_WARN_UNUSED_VARIABLE = YES;
				GENERATE_INFOPLIST_FILE = YES;
				INFOPLIST_KEY_NSAppTransportSecurity = "";
				INFOPLIST_KEY_UILaunchScreen_Generation = YES;
				IPHONEOS_DEPLOYMENT_TARGET = 17.0;
				MARKETING_VERSION = 0.1.0;
				MTL_ENABLE_DEBUG_INFO = NO;
				MTL_FAST_MATH = YES;
				PRODUCT_NAME = "$(TARGET_NAME)";
				SDKROOT = iphoneos;
				SWIFT_COMPILATION_MODE = wholemodule;
				SWIFT_OPTIMIZATION_LEVEL = "-O";
				SWIFT_VERSION = 5.9;
			};
			name = Release;
		};
		AC13ED7BFE4468F23B6F3CCC /* Debug */ = {
			isa = XCBuildConfiguration;
			buildSettings = {
				ASSETCATALOG_COMPILER_APPICON_NAME = AppIcon;
				CODE_SIGN_IDENTITY = "iPhone Developer";
				INFOPLIST_FILE = TrekRank/Info.plist;
				LD_RUNPATH_SEARCH_PATHS = (
					"$(inherited)",
					"@executable_path/Frameworks",
				);
				PRODUCT_BUNDLE_IDENTIFIER = app.trekrank.ios;
				SDKROOT = iphoneos;
				TARGETED_DEVICE_FAMILY = "1,2";
			};
			name = Debug;
		};
		B86926F191602A39C9A04BAD /* Release */ = {
			isa = XCBuildConfiguration;
			buildSettings = {
				ASSETCATALOG_COMPILER_APPICON_NAME = AppIcon;
				CODE_SIGN_IDENTITY = "iPhone Developer";
				INFOPLIST_FILE = TrekRank/Info.plist;
				LD_RUNPATH_SEARCH_PATHS = (
					"$(inherited)",
					"@executable_path/Frameworks",
				);
				PRODUCT_BUNDLE_IDENTIFIER = app.trekrank.ios;
				SDKROOT = iphoneos;
				TARGETED_DEVICE_FAMILY = "1,2";
			};
			name = Release;
		};
		DB3650C21B676CE5BF8B9FE6 /* Debug */ = {
			isa = XCBuildConfiguration;
			buildSettings = {
				ALWAYS_SEARCH_USER_PATHS = NO;
				CLANG_ANALYZER_NONNULL = YES;
				CLANG_ANALYZER_NUMBER_OBJECT_CONVERSION = YES_AGGRESSIVE;
				CLANG_CXX_LANGUAGE_STANDARD = "gnu++14";
				CLANG_CXX_LIBRARY = "libc++";
				CLANG_ENABLE_MODULES = YES;
				CLANG_ENABLE_OBJC_ARC = YES;
				CLANG_ENABLE_OBJC_WEAK = YES;
				CLANG_WARN_BLOCK_CAPTURE_AUTORELEASING = YES;
				CLANG_WARN_BOOL_CONVERSION = YES;
				CLANG_WARN_COMMA = YES;
				CLANG_WARN_CONSTANT_CONVERSION = YES;
				CLANG_WARN_DEPRECATED_OBJC_IMPLEMENTATIONS = YES;
				CLANG_WARN_DIRECT_OBJC_ISA_USAGE = YES_ERROR;
				CLANG_WARN_DOCUMENTATION_COMMENTS = YES;
				CLANG_WARN_EMPTY_BODY = YES;
				CLANG_WARN_ENUM_CONVERSION = YES;
				CLANG_WARN_INFINITE_RECURSION = YES;
				CLANG_WARN_INT_CONVERSION = YES;
				CLANG_WARN_NON_LITERAL_NULL_CONVERSION = YES;
				CLANG_WARN_OBJC_IMPLICIT_RETAIN_SELF = YES;
				CLANG_WARN_OBJC_LITERAL_CONVERSION = YES;
				CLANG_WARN_OBJC_ROOT_CLASS = YES_ERROR;
				CLANG_WARN_QUOTED_INCLUDE_IN_FRAMEWORK_HEADER = YES;
				CLANG_WARN_RANGE_LOOP_ANALYSIS = YES;
				CLANG_WARN_STRICT_PROTOTYPES = YES;
				CLANG_WARN_SUSPICIOUS_MOVE = YES;
				CLANG_WARN_UNGUARDED_AVAILABILITY = YES_AGGRESSIVE;
				CLANG_WARN_UNREACHABLE_CODE = YES;
				CLANG_WARN__DUPLICATE_METHOD_MATCH = YES;
				COPY_PHASE_STRIP = NO;
				CURRENT_PROJECT_VERSION = 1;
				DEBUG_INFORMATION_FORMAT = dwarf;
				ENABLE_STRICT_OBJC_MSGSEND = YES;
				ENABLE_TESTABILITY = YES;
				GCC_C_LANGUAGE_STANDARD = gnu11;
				GCC_DYNAMIC_NO_PIC = NO;
				GCC_NO_COMMON_BLOCKS = YES;
				GCC_OPTIMIZATION_LEVEL = 0;
				GCC_PREPROCESSOR_DEFINITIONS = (
					"$(inherited)",
					"DEBUG=1",
				);
				GCC_WARN_64_TO_32_BIT_CONVERSION = YES;
				GCC_WARN_ABOUT_RETURN_TYPE = YES_ERROR;
				GCC_WARN_UNDECLARED_SELECTOR = YES;
				GCC_WARN_UNINITIALIZED_AUTOS = YES_AGGRESSIVE;
				GCC_WARN_UNUSED_FUNCTION = YES;
				GCC_WARN_UNUSED_VARIABLE = YES;
				GENERATE_INFOPLIST_FILE = YES;
				INFOPLIST_KEY_NSAppTransportSecurity = "";
				INFOPLIST_KEY_UILaunchScreen_Generation = YES;
				IPHONEOS_DEPLOYMENT_TARGET = 17.0;
				MARKETING_VERSION = 0.1.0;
				MTL_ENABLE_DEBUG_INFO = INCLUDE_SOURCE;
				MTL_FAST_MATH = YES;
				ONLY_ACTIVE_ARCH = YES;
				PRODUCT_NAME = "$(TARGET_NAME)";
				SDKROOT = iphoneos;
				SWIFT_ACTIVE_COMPILATION_CONDITIONS = DEBUG;
				SWIFT_OPTIMIZATION_LEVEL = "-Onone";
				SWIFT_VERSION = 5.9;
			};
			name = Debug;
		};
/* End XCBuildConfiguration section */

/* Begin XCConfigurationList section */
		0C051F487EE8B20CB1A451C5 /* Build configuration list for PBXProject "TrekRank" */ = {
			isa = XCConfigurationList;
			buildConfigurations = (
				DB3650C21B676CE5BF8B9FE6 /* Debug */,
				2F3C172916B21D58F4F48EF3 /* Release */,
			);
			defaultConfigurationIsVisible = 0;
			defaultConfigurationName = Debug;
		};
		B4E5D30912E74E32BCB1D414 /* Build configuration list for PBXNativeTarget "TrekRank" */ = {
			isa = XCConfigurationList;
			buildConfigurations = (
				AC13ED7BFE4468F23B6F3CCC /* Debug */,
				B86926F191602A39C9A04BAD /* Release */,
			);
			defaultConfigurationIsVisible = 0;
			defaultConfigurationName = Debug;
		};
/* End XCConfigurationList section */
	};
	rootObject = 5A25DBDF983857829E4AD109 /* Project object */;
}
